github.com/davecgh/go-spew v1.1.1/go.mod h1:J7Y8YcW2NihsgmVo/mv3lAwl/skON4iLHjSsI+c5H38=
github.com/josephburnett/jd v0.0.0-20190531151850-1f9071c800e7 h1:/sW5BavO4uIUSqntiWrwc51nie0ICF/EWo2Lnmg+TrQ=
github.com/josephburnett/jd v0.0.0-20190531151850-1f9071c800e7/go.mod h1:aeV+6oc13ogwzcRNHBe4vbyLmoQxMfEDoqyqCU9oE30=
github.com/minio/minio v0.0.0-20190216002119-b6c00405ec5c h1:csjhUhUbwprAuwFxy7sCm94CvV1s9qY8Y1gM5mpC4jA=
github.com/minio/minio v0.0.0-20190216002119-b6c00405ec5c/go.mod h1:lXcp05uxYaW99ebgI6ZKIGYU7tqZkM5xSsG0xRt4VIU=
github.com/pmezard/go-difflib v1.0.0/go.mod h1:iKH77koFhYxTK1pcRnkKkqfTogsbg7gZNVY4sRDYZ/4=
github.com/stretchr/testify v1.2.2/go.mod h1:a8OnRcib4nhh0OaRAV+Yts87kKdq0PP7pXfy6kDkUVs=
github.com/tenntenn/greeting v1.0.0 h1:qiPrfPnqnfuzVqN3u1fnQdjh5YDQaN2YYB4mij22WF4=
github.com/tenntenn/greeting v1.0.0/go.mod h1:E3Ht/04nVnsgPJqBdZYg2BmvqQJmRPxhIv6qX4RyE9Y=
github.com/tenntenn/jsonschema v0.0.4 h1:J2o3dEfpmGpYe7YwKwg5p1tsJKy++/PQd2tPDOeYB8o=
github.com/tenntenn/jsonschema v0.0.4/go.mod h1:BSs1+ManPR9PJSaKaawUi4x6wnAPtAK+PhtedJb7oTA=
github.com/xeipuuv/gojsonpointer v0.0.0-20180127040702-4e3ac2762d5f h1:J9EGpcZtP0E/raorCMxlFGSTBrsSlaDGf3jU/qvAE2c=
github.com/xeipuuv/gojsonpointer v0.0.0-20180127040702-4e3ac2762d5f/go.mod h1:N2zxlSyiKSe5eX1tZViRH5QA0qijqEDrYZiPEAiq3wU=
github.com/xeipuuv/gojsonreference v0.0.0-20180127040603-bd5ef7bd5415 h1:EzJWgHovont7NscjpAxXsDA8S8BMYve8Y5+7cuRE7R0=
github.com/xeipuuv/gojsonreference v0.0.0-20180127040603-bd5ef7bd5415/go.mod h1:GwrjFmJcFw6At/Gs6z4yjiIwzuJ1/+UwLxMQDVQXShQ=
github.com/xeipuuv/gojsonschema v1.1.0 h1:ngVtJC9TY/lg0AA/1k48FYhBrhRoFlEmWzsehpNAaZg=
github.com/xeipuuv/gojsonschema v1.1.0/go.mod h1:5yf86TLmAcydyeJq5YvxkGPE2fm/u4myDekKRoLuqhs=
golang.org/x/crypto v0.0.0-20190308221718-c2843e01d9a2/go.mod h1:djNgcEr1/C05ACkg1iLfiJU5Ep61QUkGW8qpdssI0+w=
golang.org/x/net v0.0.0-20190311183353-d8887717615a/go.mod h1:t9HGtf8HONx5eT2rtn7q6eTqICYqUVnKs3thJo3Qplg=
golang.org/x/sync v0.0.0-20190423024810-112230192c58/go.mod h1:RxMgew5VJxzue5/jJTE5uejpjVlOe/izrB70Jof72aM=
golang.org/x/sys v0.0.0-20190215142949-d0b11bdaac8a/go.mod h1:STP8DvDyc/dI5b8T5hshtkjS+E42TnysNCUPdjciGhY=
golang.org/x/text v0.3.0/go.mod h1:NqM8EUOU14njkJ3fqMW+pc6Ldnwhi/IjpwHt7yyuwOQ=
golang.org/x/tools v0.0.0-20190621195816-6e04913cbbac h1:MQEvx39qSf8vyrx3XRaOe+j1UDIzKwkYOVObRgGPVqI=
golang.org/x/tools v0.0.0-20190621195816-6e04913cbbac/go.mod h1:/rFqwRUd4F7ZHNgwSSTFct+R/Kf4OFW1sUzUTQQTgfc=
